
Microsoft Visual Studio Solution File, Format Version 11.00
# Visual Studio 2010
Project("{FAE04EC0-301F-11D3-BF4B-00C04F79EFBC}") = "NetFlix", "NetFlix\NetFlix.csproj", "{0918748C-83A8-4192-ACE5-E6EB3F9179F6}"
EndProject
Project("{FAE04EC0-301F-11D3-BF4B-00C04F79EFBC}") = "ObjectStructure", "ObjectStructure\ObjectStructure.csproj", "{29A8374D-B6D6-4FC3-8F99-2480A69388F4}"
EndProject
Project("{2150E333-8FDC-42A3-9474-1A3956D46DE8}") = "Talk About Design Patterns", "Talk About Design Patterns", "{DD0A721E-E759-40BA-A5CF-7E327ED62753}"
EndProject
Project("{FAE04EC0-301F-11D3-BF4B-00C04F79EFBC}") = "Calculator_SimpleFactory", "Calculator_SimpleFacotry\Calculator_SimpleFactory.csproj", "{E18C10FF-4CDC-4496-AAE8-2B892902BF26}"
EndProject
Project("{FAE04EC0-301F-11D3-BF4B-00C04F79EFBC}") = "ObjectStructure_UT", "ObjectStructure_UT\ObjectStructure_UT.csproj", "{4332C9D0-FCB0-424F-80EA-6335FFCBA825}"
EndProject
Project("{2150E333-8FDC-42A3-9474-1A3956D46DE8}") = "Solution Items", "Solution Items", "{FE7C9685-8B30-4071-9A66-DDCEC8B35707}"
	ProjectSection(SolutionItems) = preProject
		Local.testsettings = Local.testsettings
		Refactoring2Patterns.vsmdi = Refactoring2Patterns.vsmdi
		TraceAndTestImpact.testsettings = TraceAndTestImpact.testsettings
	EndProjectSection
EndProject
Project("{FAE04EC0-301F-11D3-BF4B-00C04F79EFBC}") = "CashRegister_Strategy", "CashRegister\CashRegister_Strategy.csproj", "{C7043A09-45C2-4604-B473-7CE864D766BF}"
EndProject
Project("{FAE04EC0-301F-11D3-BF4B-00C04F79EFBC}") = "ObjectStructureView", "ObjectStructureView\ObjectStructureView.csproj", "{BF5449D5-5EB8-4BB7-8C9B-A9BD9743ADA1}"
EndProject
Project("{2150E333-8FDC-42A3-9474-1A3956D46DE8}") = "Taming The Bad Code", "Taming The Bad Code", "{1CDE7E81-7F42-4FA5-909D-AF67D3B2E667}"
EndProject
Project("{FAE04EC0-301F-11D3-BF4B-00C04F79EFBC}") = "CodingPeasantHotelClock_UT", "CodingPeasantHotelClock_UT\CodingPeasantHotelClock_UT.csproj", "{0D695C10-F852-46FE-ADE4-CD390C85D2B6}"
EndProject
Project("{FAE04EC0-301F-11D3-BF4B-00C04F79EFBC}") = "CodingPeasantHotelClock", "CodingPeasantHotelClock\CodingPeasantHotelClock.csproj", "{94D7A258-B862-4375-BC07-0E80088EB14A}"
EndProject
Project("{FAE04EC0-301F-11D3-BF4B-00C04F79EFBC}") = "Trivia", "Trivia\Trivia.csproj", "{6873FAE2-259E-43DE-B73B-0D2DA7448B45}"
EndProject
Project("{FAE04EC0-301F-11D3-BF4B-00C04F79EFBC}") = "Trivia_UT", "Trivia_UT\Trivia_UT.csproj", "{26CFAD0F-DF1E-464F-BED0-CBD3A6D44815}"
EndProject
Project("{FAE04EC0-301F-11D3-BF4B-00C04F79EFBC}") = "TirePressureMonitoringSystem", "TirePressureMonitoringSystem\TirePressureMonitoringSystem.csproj", "{DF7109E6-3724-42F1-9DD5-DF993B51A8CE}"
EndProject
Project("{FAE04EC0-301F-11D3-BF4B-00C04F79EFBC}") = "TirePressureMonitoringSystem_UT", "TirePressureMonitoringSystem_UT\TirePressureMonitoringSystem_UT.csproj", "{5859008E-6926-40E9-B989-D41A7C99D6C2}"
EndProject
Global
	GlobalSection(TestCaseManagementSettings) = postSolution
		CategoryFile = Refactoring2Patterns.vsmdi
	EndGlobalSection
	GlobalSection(SolutionConfigurationPlatforms) = preSolution
		Debug|Any CPU = Debug|Any CPU
		Debug|Mixed Platforms = Debug|Mixed Platforms
		Debug|x86 = Debug|x86
		Release|Any CPU = Release|Any CPU
		Release|Mixed Platforms = Release|Mixed Platforms
		Release|x86 = Release|x86
	EndGlobalSection
	GlobalSection(ProjectConfigurationPlatforms) = postSolution
		{0918748C-83A8-4192-ACE5-E6EB3F9179F6}.Debug|Any CPU.ActiveCfg = Debug|x86
		{0918748C-83A8-4192-ACE5-E6EB3F9179F6}.Debug|Mixed Platforms.ActiveCfg = Debug|x86
		{0918748C-83A8-4192-ACE5-E6EB3F9179F6}.Debug|Mixed Platforms.Build.0 = Debug|x86
		{0918748C-83A8-4192-ACE5-E6EB3F9179F6}.Debug|x86.ActiveCfg = Debug|x86
		{0918748C-83A8-4192-ACE5-E6EB3F9179F6}.Debug|x86.Build.0 = Debug|x86
		{0918748C-83A8-4192-ACE5-E6EB3F9179F6}.Release|Any CPU.ActiveCfg = Release|x86
		{0918748C-83A8-4192-ACE5-E6EB3F9179F6}.Release|Mixed Platforms.ActiveCfg = Release|x86
		{0918748C-83A8-4192-ACE5-E6EB3F9179F6}.Release|Mixed Platforms.Build.0 = Release|x86
		{0918748C-83A8-4192-ACE5-E6EB3F9179F6}.Release|x86.ActiveCfg = Release|x86
		{0918748C-83A8-4192-ACE5-E6EB3F9179F6}.Release|x86.Build.0 = Release|x86
		{29A8374D-B6D6-4FC3-8F99-2480A69388F4}.Debug|Any CPU.ActiveCfg = Debug|x86
		{29A8374D-B6D6-4FC3-8F99-2480A69388F4}.Debug|Mixed Platforms.ActiveCfg = Debug|x86
		{29A8374D-B6D6-4FC3-8F99-2480A69388F4}.Debug|Mixed Platforms.Build.0 = Debug|x86
		{29A8374D-B6D6-4FC3-8F99-2480A69388F4}.Debug|x86.ActiveCfg = Debug|x86
		{29A8374D-B6D6-4FC3-8F99-2480A69388F4}.Debug|x86.Build.0 = Debug|x86
		{29A8374D-B6D6-4FC3-8F99-2480A69388F4}.Release|Any CPU.ActiveCfg = Release|x86
		{29A8374D-B6D6-4FC3-8F99-2480A69388F4}.Release|Mixed Platforms.ActiveCfg = Release|x86
		{29A8374D-B6D6-4FC3-8F99-2480A69388F4}.Release|Mixed Platforms.Build.0 = Release|x86
		{29A8374D-B6D6-4FC3-8F99-2480A69388F4}.Release|x86.ActiveCfg = Release|x86
		{29A8374D-B6D6-4FC3-8F99-2480A69388F4}.Release|x86.Build.0 = Release|x86
		{E18C10FF-4CDC-4496-AAE8-2B892902BF26}.Debug|Any CPU.ActiveCfg = Debug|x86
		{E18C10FF-4CDC-4496-AAE8-2B892902BF26}.Debug|Mixed Platforms.ActiveCfg = Debug|x86
		{E18C10FF-4CDC-4496-AAE8-2B892902BF26}.Debug|Mixed Platforms.Build.0 = Debug|x86
		{E18C10FF-4CDC-4496-AAE8-2B892902BF26}.Debug|x86.ActiveCfg = Debug|x86
		{E18C10FF-4CDC-4496-AAE8-2B892902BF26}.Debug|x86.Build.0 = Debug|x86
		{E18C10FF-4CDC-4496-AAE8-2B892902BF26}.Release|Any CPU.ActiveCfg = Release|x86
		{E18C10FF-4CDC-4496-AAE8-2B892902BF26}.Release|Mixed Platforms.ActiveCfg = Release|x86
		{E18C10FF-4CDC-4496-AAE8-2B892902BF26}.Release|Mixed Platforms.Build.0 = Release|x86
		{E18C10FF-4CDC-4496-AAE8-2B892902BF26}.Release|x86.ActiveCfg = Release|x86
		{E18C10FF-4CDC-4496-AAE8-2B892902BF26}.Release|x86.Build.0 = Release|x86
		{4332C9D0-FCB0-424F-80EA-6335FFCBA825}.Debug|Any CPU.ActiveCfg = Debug|Any CPU
		{4332C9D0-FCB0-424F-80EA-6335FFCBA825}.Debug|Any CPU.Build.0 = Debug|Any CPU
		{4332C9D0-FCB0-424F-80EA-6335FFCBA825}.Debug|Mixed Platforms.ActiveCfg = Debug|Any CPU
		{4332C9D0-FCB0-424F-80EA-6335FFCBA825}.Debug|Mixed Platforms.Build.0 = Debug|Any CPU
		{4332C9D0-FCB0-424F-80EA-6335FFCBA825}.Debug|x86.ActiveCfg = Debug|Any CPU
		{4332C9D0-FCB0-424F-80EA-6335FFCBA825}.Release|Any CPU.ActiveCfg = Release|Any CPU
		{4332C9D0-FCB0-424F-80EA-6335FFCBA825}.Release|Any CPU.Build.0 = Release|Any CPU
		{4332C9D0-FCB0-424F-80EA-6335FFCBA825}.Release|Mixed Platforms.ActiveCfg = Release|Any CPU
		{4332C9D0-FCB0-424F-80EA-6335FFCBA825}.Release|Mixed Platforms.Build.0 = Release|Any CPU
		{4332C9D0-FCB0-424F-80EA-6335FFCBA825}.Release|x86.ActiveCfg = Release|Any CPU
		{C7043A09-45C2-4604-B473-7CE864D766BF}.Debug|Any CPU.ActiveCfg = Debug|x86
		{C7043A09-45C2-4604-B473-7CE864D766BF}.Debug|Mixed Platforms.ActiveCfg = Debug|x86
		{C7043A09-45C2-4604-B473-7CE864D766BF}.Debug|Mixed Platforms.Build.0 = Debug|x86
		{C7043A09-45C2-4604-B473-7CE864D766BF}.Debug|x86.ActiveCfg = Debug|x86
		{C7043A09-45C2-4604-B473-7CE864D766BF}.Debug|x86.Build.0 = Debug|x86
		{C7043A09-45C2-4604-B473-7CE864D766BF}.Release|Any CPU.ActiveCfg = Release|x86
		{C7043A09-45C2-4604-B473-7CE864D766BF}.Release|Mixed Platforms.ActiveCfg = Release|x86
		{C7043A09-45C2-4604-B473-7CE864D766BF}.Release|Mixed Platforms.Build.0 = Release|x86
		{C7043A09-45C2-4604-B473-7CE864D766BF}.Release|x86.ActiveCfg = Release|x86
		{C7043A09-45C2-4604-B473-7CE864D766BF}.Release|x86.Build.0 = Release|x86
		{BF5449D5-5EB8-4BB7-8C9B-A9BD9743ADA1}.Debug|Any CPU.ActiveCfg = Debug|x86
		{BF5449D5-5EB8-4BB7-8C9B-A9BD9743ADA1}.Debug|Mixed Platforms.ActiveCfg = Debug|x86
		{BF5449D5-5EB8-4BB7-8C9B-A9BD9743ADA1}.Debug|Mixed Platforms.Build.0 = Debug|x86
		{BF5449D5-5EB8-4BB7-8C9B-A9BD9743ADA1}.Debug|x86.ActiveCfg = Debug|x86
		{BF5449D5-5EB8-4BB7-8C9B-A9BD9743ADA1}.Debug|x86.Build.0 = Debug|x86
		{BF5449D5-5EB8-4BB7-8C9B-A9BD9743ADA1}.Release|Any CPU.ActiveCfg = Release|x86
		{BF5449D5-5EB8-4BB7-8C9B-A9BD9743ADA1}.Release|Mixed Platforms.ActiveCfg = Release|x86
		{BF5449D5-5EB8-4BB7-8C9B-A9BD9743ADA1}.Release|Mixed Platforms.Build.0 = Release|x86
		{BF5449D5-5EB8-4BB7-8C9B-A9BD9743ADA1}.Release|x86.ActiveCfg = Release|x86
		{BF5449D5-5EB8-4BB7-8C9B-A9BD9743ADA1}.Release|x86.Build.0 = Release|x86
		{0D695C10-F852-46FE-ADE4-CD390C85D2B6}.Debug|Any CPU.ActiveCfg = Debug|Any CPU
		{0D695C10-F852-46FE-ADE4-CD390C85D2B6}.Debug|Any CPU.Build.0 = Debug|Any CPU
		{0D695C10-F852-46FE-ADE4-CD390C85D2B6}.Debug|Mixed Platforms.ActiveCfg = Debug|Any CPU
		{0D695C10-F852-46FE-ADE4-CD390C85D2B6}.Debug|Mixed Platforms.Build.0 = Debug|Any CPU
		{0D695C10-F852-46FE-ADE4-CD390C85D2B6}.Debug|x86.ActiveCfg = Debug|Any CPU
		{0D695C10-F852-46FE-ADE4-CD390C85D2B6}.Release|Any CPU.ActiveCfg = Release|Any CPU
		{0D695C10-F852-46FE-ADE4-CD390C85D2B6}.Release|Any CPU.Build.0 = Release|Any CPU
		{0D695C10-F852-46FE-ADE4-CD390C85D2B6}.Release|Mixed Platforms.ActiveCfg = Release|Any CPU
		{0D695C10-F852-46FE-ADE4-CD390C85D2B6}.Release|Mixed Platforms.Build.0 = Release|Any CPU
		{0D695C10-F852-46FE-ADE4-CD390C85D2B6}.Release|x86.ActiveCfg = Release|Any CPU
		{94D7A258-B862-4375-BC07-0E80088EB14A}.Debug|Any CPU.ActiveCfg = Debug|Any CPU
		{94D7A258-B862-4375-BC07-0E80088EB14A}.Debug|Any CPU.Build.0 = Debug|Any CPU
		{94D7A258-B862-4375-BC07-0E80088EB14A}.Debug|Mixed Platforms.ActiveCfg = Debug|Any CPU
		{94D7A258-B862-4375-BC07-0E80088EB14A}.Debug|Mixed Platforms.Build.0 = Debug|Any CPU
		{94D7A258-B862-4375-BC07-0E80088EB14A}.Debug|x86.ActiveCfg = Debug|Any CPU
		{94D7A258-B862-4375-BC07-0E80088EB14A}.Release|Any CPU.ActiveCfg = Release|Any CPU
		{94D7A258-B862-4375-BC07-0E80088EB14A}.Release|Any CPU.Build.0 = Release|Any CPU
		{94D7A258-B862-4375-BC07-0E80088EB14A}.Release|Mixed Platforms.ActiveCfg = Release|Any CPU
		{94D7A258-B862-4375-BC07-0E80088EB14A}.Release|Mixed Platforms.Build.0 = Release|Any CPU
		{94D7A258-B862-4375-BC07-0E80088EB14A}.Release|x86.ActiveCfg = Release|Any CPU
		{6873FAE2-259E-43DE-B73B-0D2DA7448B45}.Debug|Any CPU.ActiveCfg = Debug|x86
		{6873FAE2-259E-43DE-B73B-0D2DA7448B45}.Debug|Mixed Platforms.ActiveCfg = Debug|x86
		{6873FAE2-259E-43DE-B73B-0D2DA7448B45}.Debug|Mixed Platforms.Build.0 = Debug|x86
		{6873FAE2-259E-43DE-B73B-0D2DA7448B45}.Debug|x86.ActiveCfg = Debug|x86
		{6873FAE2-259E-43DE-B73B-0D2DA7448B45}.Debug|x86.Build.0 = Debug|x86
		{6873FAE2-259E-43DE-B73B-0D2DA7448B45}.Release|Any CPU.ActiveCfg = Release|x86
		{6873FAE2-259E-43DE-B73B-0D2DA7448B45}.Release|Mixed Platforms.ActiveCfg = Release|x86
		{6873FAE2-259E-43DE-B73B-0D2DA7448B45}.Release|Mixed Platforms.Build.0 = Release|x86
		{6873FAE2-259E-43DE-B73B-0D2DA7448B45}.Release|x86.ActiveCfg = Release|x86
		{6873FAE2-259E-43DE-B73B-0D2DA7448B45}.Release|x86.Build.0 = Release|x86
		{26CFAD0F-DF1E-464F-BED0-CBD3A6D44815}.Debug|Any CPU.ActiveCfg = Debug|Any CPU
		{26CFAD0F-DF1E-464F-BED0-CBD3A6D44815}.Debug|Any CPU.Build.0 = Debug|Any CPU
		{26CFAD0F-DF1E-464F-BED0-CBD3A6D44815}.Debug|Mixed Platforms.ActiveCfg = Debug|Any CPU
		{26CFAD0F-DF1E-464F-BED0-CBD3A6D44815}.Debug|Mixed Platforms.Build.0 = Debug|Any CPU
		{26CFAD0F-DF1E-464F-BED0-CBD3A6D44815}.Debug|x86.ActiveCfg = Debug|Any CPU
		{26CFAD0F-DF1E-464F-BED0-CBD3A6D44815}.Release|Any CPU.ActiveCfg = Release|Any CPU
		{26CFAD0F-DF1E-464F-BED0-CBD3A6D44815}.Release|Any CPU.Build.0 = Release|Any CPU
		{26CFAD0F-DF1E-464F-BED0-CBD3A6D44815}.Release|Mixed Platforms.ActiveCfg = Release|Any CPU
		{26CFAD0F-DF1E-464F-BED0-CBD3A6D44815}.Release|Mixed Platforms.Build.0 = Release|Any CPU
		{26CFAD0F-DF1E-464F-BED0-CBD3A6D44815}.Release|x86.ActiveCfg = Release|Any CPU
		{DF7109E6-3724-42F1-9DD5-DF993B51A8CE}.Debug|Any CPU.ActiveCfg = Debug|Any CPU
		{DF7109E6-3724-42F1-9DD5-DF993B51A8CE}.Debug|Any CPU.Build.0 = Debug|Any CPU
		{DF7109E6-3724-42F1-9DD5-DF993B51A8CE}.Debug|Mixed Platforms.ActiveCfg = Debug|Any CPU
		{DF7109E6-3724-42F1-9DD5-DF993B51A8CE}.Debug|Mixed Platforms.Build.0 = Debug|Any CPU
		{DF7109E6-3724-42F1-9DD5-DF993B51A8CE}.Debug|x86.ActiveCfg = Debug|Any CPU
		{DF7109E6-3724-42F1-9DD5-DF993B51A8CE}.Release|Any CPU.ActiveCfg = Release|Any CPU
		{DF7109E6-3724-42F1-9DD5-DF993B51A8CE}.Release|Any CPU.Build.0 = Release|Any CPU
		{DF7109E6-3724-42F1-9DD5-DF993B51A8CE}.Release|Mixed Platforms.ActiveCfg = Release|Any CPU
		{DF7109E6-3724-42F1-9DD5-DF993B51A8CE}.Release|Mixed Platforms.Build.0 = Release|Any CPU
		{DF7109E6-3724-42F1-9DD5-DF993B51A8CE}.Release|x86.ActiveCfg = Release|Any CPU
		{5859008E-6926-40E9-B989-D41A7C99D6C2}.Debug|Any CPU.ActiveCfg = Debug|Any CPU
		{5859008E-6926-40E9-B989-D41A7C99D6C2}.Debug|Any CPU.Build.0 = Debug|Any CPU
		{5859008E-6926-40E9-B989-D41A7C99D6C2}.Debug|Mixed Platforms.ActiveCfg = Debug|Any CPU
		{5859008E-6926-40E9-B989-D41A7C99D6C2}.Debug|Mixed Platforms.Build.0 = Debug|Any CPU
		{5859008E-6926-40E9-B989-D41A7C99D6C2}.Debug|x86.ActiveCfg = Debug|Any CPU
		{5859008E-6926-40E9-B989-D41A7C99D6C2}.Release|Any CPU.ActiveCfg = Release|Any CPU
		{5859008E-6926-40E9-B989-D41A7C99D6C2}.Release|Any CPU.Build.0 = Release|Any CPU
		{5859008E-6926-40E9-B989-D41A7C99D6C2}.Release|Mixed Platforms.ActiveCfg = Release|Any CPU
		{5859008E-6926-40E9-B989-D41A7C99D6C2}.Release|Mixed Platforms.Build.0 = Release|Any CPU
		{5859008E-6926-40E9-B989-D41A7C99D6C2}.Release|x86.ActiveCfg = Release|Any CPU
	EndGlobalSection
	GlobalSection(SolutionProperties) = preSolution
		HideSolutionNode = FALSE
	EndGlobalSection
	GlobalSection(NestedProjects) = preSolution
		{E18C10FF-4CDC-4496-AAE8-2B892902BF26} = {DD0A721E-E759-40BA-A5CF-7E327ED62753}
		{C7043A09-45C2-4604-B473-7CE864D766BF} = {DD0A721E-E759-40BA-A5CF-7E327ED62753}
		{0D695C10-F852-46FE-ADE4-CD390C85D2B6} = {1CDE7E81-7F42-4FA5-909D-AF67D3B2E667}
		{94D7A258-B862-4375-BC07-0E80088EB14A} = {1CDE7E81-7F42-4FA5-909D-AF67D3B2E667}
		{6873FAE2-259E-43DE-B73B-0D2DA7448B45} = {1CDE7E81-7F42-4FA5-909D-AF67D3B2E667}
		{26CFAD0F-DF1E-464F-BED0-CBD3A6D44815} = {1CDE7E81-7F42-4FA5-909D-AF67D3B2E667}
		{DF7109E6-3724-42F1-9DD5-DF993B51A8CE} = {1CDE7E81-7F42-4FA5-909D-AF67D3B2E667}
		{5859008E-6926-40E9-B989-D41A7C99D6C2} = {1CDE7E81-7F42-4FA5-909D-AF67D3B2E667}
	EndGlobalSection
EndGlobal
